
Microsoft Visual Studio Solution File, Format Version 12.00
# Visual Studio Version 17
VisualStudioVersion = 17.0.31903.59
MinimumVisualStudioVersion = 10.0.40219.1
Project("{2150E333-8FDC-42A3-9474-1A3956D46DE8}") = "src", "src", "{827E0CD3-B72D-47B6-A68D-7590B98EB39B}"
EndProject
Project("{F2A71F9B-5D33-465A-A702-920D77279786}") = "CouponHubBot", "src\CouponHubBot\CouponHubBot.fsproj", "{0FDB297E-86E3-4E60-BD04-A7C4B5E3D93E}"
EndProject
Project("{2150E333-8FDC-42A3-9474-1A3956D46DE8}") = "tests", "tests", "{0AB3BF05-4346-4AA6-1389-037BE0695223}"
EndProject
Project("{F2A71F9B-5D33-465A-A702-920D77279786}") = "CouponHubBot.Tests", "tests\CouponHubBot.Tests\CouponHubBot.Tests.fsproj", "{C4184F93-8E0A-4FD3-A29F-B40B0A69F447}"
EndProject
Project("{F2A71F9B-5D33-465A-A702-920D77279786}") = "FakeTgApi", "tests\FakeTgApi\FakeTgApi.fsproj", "{C2233D1F-BE43-4E77-90E8-69A149A06FAA}"
EndProject
Project("{F2A71F9B-5D33-465A-A702-920D77279786}") = "CouponHubBot.Ocr.Tests", "tests\CouponHubBot.Ocr.Tests\CouponHubBot.Ocr.Tests.fsproj", "{EA2CD2FC-E730-435F-B4B8-7BA3CBD9DC1E}"
EndProject
Global
	GlobalSection(SolutionConfigurationPlatforms) = preSolution
		Debug|Any CPU = Debug|Any CPU
		Debug|x64 = Debug|x64
		Debug|x86 = Debug|x86
		Release|Any CPU = Release|Any CPU
		Release|x64 = Release|x64
		Release|x86 = Release|x86
	EndGlobalSection
	GlobalSection(ProjectConfigurationPlatforms) = postSolution
		{0FDB297E-86E3-4E60-BD04-A7C4B5E3D93E}.Debug|Any CPU.ActiveCfg = Debug|Any CPU
		{0FDB297E-86E3-4E60-BD04-A7C4B5E3D93E}.Debug|Any CPU.Build.0 = Debug|Any CPU
		{0FDB297E-86E3-4E60-BD04-A7C4B5E3D93E}.Debug|x64.ActiveCfg = Debug|Any CPU
		{0FDB297E-86E3-4E60-BD04-A7C4B5E3D93E}.Debug|x64.Build.0 = Debug|Any CPU
		{0FDB297E-86E3-4E60-BD04-A7C4B5E3D93E}.Debug|x86.ActiveCfg = Debug|Any CPU
		{0FDB297E-86E3-4E60-BD04-A7C4B5E3D93E}.Debug|x86.Build.0 = Debug|Any CPU
		{0FDB297E-86E3-4E60-BD04-A7C4B5E3D93E}.Release|Any CPU.ActiveCfg = Release|Any CPU
		{0FDB297E-86E3-4E60-BD04-A7C4B5E3D93E}.Release|Any CPU.Build.0 = Release|Any CPU
		{0FDB297E-86E3-4E60-BD04-A7C4B5E3D93E}.Release|x64.ActiveCfg = Release|Any CPU
		{0FDB297E-86E3-4E60-BD04-A7C4B5E3D93E}.Release|x64.Build.0 = Release|Any CPU
		{0FDB297E-86E3-4E60-BD04-A7C4B5E3D93E}.Release|x86.ActiveCfg = Release|Any CPU
		{0FDB297E-86E3-4E60-BD04-A7C4B5E3D93E}.Release|x86.Build.0 = Release|Any CPU
		{C4184F93-8E0A-4FD3-A29F-B40B0A69F447}.Debug|Any CPU.ActiveCfg = Debug|Any CPU
		{C4184F93-8E0A-4FD3-A29F-B40B0A69F447}.Debug|Any CPU.Build.0 = Debug|Any CPU
		{C4184F93-8E0A-4FD3-A29F-B40B0A69F447}.Debug|x64.ActiveCfg = Debug|Any CPU
		{C4184F93-8E0A-4FD3-A29F-B40B0A69F447}.Debug|x64.Build.0 = Debug|Any CPU
		{C4184F93-8E0A-4FD3-A29F-B40B0A69F447}.Debug|x86.ActiveCfg = Debug|Any CPU
		{C4184F93-8E0A-4FD3-A29F-B40B0A69F447}.Debug|x86.Build.0 = Debug|Any CPU
		{C4184F93-8E0A-4FD3-A29F-B40B0A69F447}.Release|Any CPU.ActiveCfg = Release|Any CPU
		{C4184F93-8E0A-4FD3-A29F-B40B0A69F447}.Release|Any CPU.Build.0 = Release|Any CPU
		{C4184F93-8E0A-4FD3-A29F-B40B0A69F447}.Release|x64.ActiveCfg = Release|Any CPU
		{C4184F93-8E0A-4FD3-A29F-B40B0A69F447}.Release|x64.Build.0 = Release|Any CPU
		{C4184F93-8E0A-4FD3-A29F-B40B0A69F447}.Release|x86.ActiveCfg = Release|Any CPU
		{C4184F93-8E0A-4FD3-A29F-B40B0A69F447}.Release|x86.Build.0 = Release|Any CPU
		{C2233D1F-BE43-4E77-90E8-69A149A06FAA}.Debug|Any CPU.ActiveCfg = Debug|Any CPU
		{C2233D1F-BE43-4E77-90E8-69A149A06FAA}.Debug|Any CPU.Build.0 = Debug|Any CPU
		{C2233D1F-BE43-4E77-90E8-69A149A06FAA}.Debug|x64.ActiveCfg = Debug|Any CPU
		{C2233D1F-BE43-4E77-90E8-69A149A06FAA}.Debug|x64.Build.0 = Debug|Any CPU
		{C2233D1F-BE43-4E77-90E8-69A149A06FAA}.Debug|x86.ActiveCfg = Debug|Any CPU
		{C2233D1F-BE43-4E77-90E8-69A149A06FAA}.Debug|x86.Build.0 = Debug|Any CPU
		{C2233D1F-BE43-4E77-90E8-69A149A06FAA}.Release|Any CPU.ActiveCfg = Release|Any CPU
		{C2233D1F-BE43-4E77-90E8-69A149A06FAA}.Release|Any CPU.Build.0 = Release|Any CPU
		{C2233D1F-BE43-4E77-90E8-69A149A06FAA}.Release|x64.ActiveCfg = Release|Any CPU
		{C2233D1F-BE43-4E77-90E8-69A149A06FAA}.Release|x64.Build.0 = Release|Any CPU
		{C2233D1F-BE43-4E77-90E8-69A149A06FAA}.Release|x86.ActiveCfg = Release|Any CPU
		{C2233D1F-BE43-4E77-90E8-69A149A06FAA}.Release|x86.Build.0 = Release|Any CPU
		{EA2CD2FC-E730-435F-B4B8-7BA3CBD9DC1E}.Debug|Any CPU.ActiveCfg = Debug|Any CPU
		{EA2CD2FC-E730-435F-B4B8-7BA3CBD9DC1E}.Debug|Any CPU.Build.0 = Debug|Any CPU
		{EA2CD2FC-E730-435F-B4B8-7BA3CBD9DC1E}.Debug|x64.ActiveCfg = Debug|Any CPU
		{EA2CD2FC-E730-435F-B4B8-7BA3CBD9DC1E}.Debug|x64.Build.0 = Debug|Any CPU
		{EA2CD2FC-E730-435F-B4B8-7BA3CBD9DC1E}.Debug|x86.ActiveCfg = Debug|Any CPU
		{EA2CD2FC-E730-435F-B4B8-7BA3CBD9DC1E}.Debug|x86.Build.0 = Debug|Any CPU
		{EA2CD2FC-E730-435F-B4B8-7BA3CBD9DC1E}.Release|Any CPU.ActiveCfg = Release|Any CPU
		{EA2CD2FC-E730-435F-B4B8-7BA3CBD9DC1E}.Release|Any CPU.Build.0 = Release|Any CPU
		{EA2CD2FC-E730-435F-B4B8-7BA3CBD9DC1E}.Release|x64.ActiveCfg = Release|Any CPU
		{EA2CD2FC-E730-435F-B4B8-7BA3CBD9DC1E}.Release|x64.Build.0 = Release|Any CPU
		{EA2CD2FC-E730-435F-B4B8-7BA3CBD9DC1E}.Release|x86.ActiveCfg = Release|Any CPU
		{EA2CD2FC-E730-435F-B4B8-7BA3CBD9DC1E}.Release|x86.Build.0 = Release|Any CPU
	EndGlobalSection
	GlobalSection(SolutionProperties) = preSolution
		HideSolutionNode = FALSE
	EndGlobalSection
	GlobalSection(NestedProjects) = preSolution
		{0FDB297E-86E3-4E60-BD04-A7C4B5E3D93E} = {827E0CD3-B72D-47B6-A68D-7590B98EB39B}
		{C4184F93-8E0A-4FD3-A29F-B40B0A69F447} = {0AB3BF05-4346-4AA6-1389-037BE0695223}
		{C2233D1F-BE43-4E77-90E8-69A149A06FAA} = {0AB3BF05-4346-4AA6-1389-037BE0695223}
		{EA2CD2FC-E730-435F-B4B8-7BA3CBD9DC1E} = {0AB3BF05-4346-4AA6-1389-037BE0695223}
	EndGlobalSection
EndGlobal
